
Microsoft Visual Studio Solution File, Format Version 12.00
# Visual Studio Version 17
VisualStudioVersion = 17.3.32825.248
MinimumVisualStudioVersion = 10.0.40219.1
Project("{2150E333-8FDC-42A3-9474-1A3956D46DE8}") = "Microservices", "Microservices", "{B27556CA-34FA-438D-86E4-B75673E83015}"
EndProject
Project("{9A19103F-16F7-4668-BE54-9A1E7A4F7556}") = "UserService", "UserService\UserService.csproj", "{F1263D21-D164-4BB7-A1A2-D0C20DE1E6A2}"
EndProject
Project("{2150E333-8FDC-42A3-9474-1A3956D46DE8}") = "ApiWateway", "ApiWateway", "{60E9D797-75EE-442A-8C12-84E47842D2A4}"
EndProject
Project("{9A19103F-16F7-4668-BE54-9A1E7A4F7556}") = "ApiGateway", "ApiGateway\ApiGateway.csproj", "{6E371E8D-6681-478D-9EC9-461D6BF75B9B}"
EndProject
Project("{9A19103F-16F7-4668-BE54-9A1E7A4F7556}") = "Core", "Core\Core.csproj", "{99E54609-7696-43AB-8F2A-750F981272B9}"
EndProject
Project("{FAE04EC0-301F-11D3-BF4B-00C04F79EFBC}") = "Infrastructure", "Infrastructure\Infrastructure.csproj", "{9E404AF9-5E94-4B77-B8A0-174CECB1DB57}"
EndProject
Global
	GlobalSection(SolutionConfigurationPlatforms) = preSolution
		Debug|Any CPU = Debug|Any CPU
		Release|Any CPU = Release|Any CPU
	EndGlobalSection
	GlobalSection(ProjectConfigurationPlatforms) = postSolution
		{F1263D21-D164-4BB7-A1A2-D0C20DE1E6A2}.Debug|Any CPU.ActiveCfg = Debug|Any CPU
		{F1263D21-D164-4BB7-A1A2-D0C20DE1E6A2}.Debug|Any CPU.Build.0 = Debug|Any CPU
		{F1263D21-D164-4BB7-A1A2-D0C20DE1E6A2}.Release|Any CPU.ActiveCfg = Release|Any CPU
		{F1263D21-D164-4BB7-A1A2-D0C20DE1E6A2}.Release|Any CPU.Build.0 = Release|Any CPU
		{6E371E8D-6681-478D-9EC9-461D6BF75B9B}.Debug|Any CPU.ActiveCfg = Debug|Any CPU
		{6E371E8D-6681-478D-9EC9-461D6BF75B9B}.Debug|Any CPU.Build.0 = Debug|Any CPU
		{6E371E8D-6681-478D-9EC9-461D6BF75B9B}.Release|Any CPU.ActiveCfg = Release|Any CPU
		{6E371E8D-6681-478D-9EC9-461D6BF75B9B}.Release|Any CPU.Build.0 = Release|Any CPU
		{99E54609-7696-43AB-8F2A-750F981272B9}.Debug|Any CPU.ActiveCfg = Debug|Any CPU
		{99E54609-7696-43AB-8F2A-750F981272B9}.Debug|Any CPU.Build.0 = Debug|Any CPU
		{99E54609-7696-43AB-8F2A-750F981272B9}.Release|Any CPU.ActiveCfg = Release|Any CPU
		{99E54609-7696-43AB-8F2A-750F981272B9}.Release|Any CPU.Build.0 = Release|Any CPU
		{9E404AF9-5E94-4B77-B8A0-174CECB1DB57}.Debug|Any CPU.ActiveCfg = Debug|Any CPU
		{9E404AF9-5E94-4B77-B8A0-174CECB1DB57}.Debug|Any CPU.Build.0 = Debug|Any CPU
		{9E404AF9-5E94-4B77-B8A0-174CECB1DB57}.Release|Any CPU.ActiveCfg = Release|Any CPU
		{9E404AF9-5E94-4B77-B8A0-174CECB1DB57}.Release|Any CPU.Build.0 = Release|Any CPU
	EndGlobalSection
	GlobalSection(SolutionProperties) = preSolution
		HideSolutionNode = FALSE
	EndGlobalSection
	GlobalSection(NestedProjects) = preSolution
		{F1263D21-D164-4BB7-A1A2-D0C20DE1E6A2} = {B27556CA-34FA-438D-86E4-B75673E83015}
		{6E371E8D-6681-478D-9EC9-461D6BF75B9B} = {60E9D797-75EE-442A-8C12-84E47842D2A4}
	EndGlobalSection
	GlobalSection(ExtensibilityGlobals) = postSolution
		SolutionGuid = {9D7B4051-6123-4936-B4B1-90FFC90AD120}
	EndGlobalSection
EndGlobal
