
Microsoft Visual Studio Solution File, Format Version 12.00
# Visual Studio Version 17
VisualStudioVersion = 17.2.32505.173
MinimumVisualStudioVersion = 10.0.40219.1
Project("{9A19103F-16F7-4668-BE54-9A1E7A4F7556}") = "learnathon-learning-phase", "learnathon-learning-phase.csproj", "{654A9BC8-C8FA-4548-A738-B949FBF42514}"
EndProject
Project("{2150E333-8FDC-42A3-9474-1A3956D46DE8}") = "Solution Items", "Solution Items", "{0D1077F3-BA0E-4E26-9B35-762F5D64DC11}"
	ProjectSection(SolutionItems) = preProject
		.editorconfig = .editorconfig
	EndProjectSection
EndProject
Global
	GlobalSection(SolutionConfigurationPlatforms) = preSolution
		Debug|Any CPU = Debug|Any CPU
		Release|Any CPU = Release|Any CPU
	EndGlobalSection
	GlobalSection(ProjectConfigurationPlatforms) = postSolution
		{654A9BC8-C8FA-4548-A738-B949FBF42514}.Debug|Any CPU.ActiveCfg = Debug|Any CPU
		{654A9BC8-C8FA-4548-A738-B949FBF42514}.Debug|Any CPU.Build.0 = Debug|Any CPU
		{654A9BC8-C8FA-4548-A738-B949FBF42514}.Release|Any CPU.ActiveCfg = Release|Any CPU
		{654A9BC8-C8FA-4548-A738-B949FBF42514}.Release|Any CPU.Build.0 = Release|Any CPU
	EndGlobalSection
	GlobalSection(SolutionProperties) = preSolution
		HideSolutionNode = FALSE
	EndGlobalSection
	GlobalSection(ExtensibilityGlobals) = postSolution
		SolutionGuid = {E838D0CC-C093-4ADD-9BE9-E9B9575409BD}
	EndGlobalSection
EndGlobal
